
Microsoft Visual Studio Solution File, Format Version 12.00
# Visual Studio Version 16
VisualStudioVersion = 16.0.30804.86
MinimumVisualStudioVersion = 10.0.40219.1
Project("{FAE04EC0-301F-11D3-BF4B-00C04F79EFBC}") = "WebStoreAPI", "WebStoreAPI\WebStoreAPI.csproj", "{48CD8855-EB72-4187-92E2-742FBFF501CE}"
EndProject
Global
	GlobalSection(SolutionConfigurationPlatforms) = preSolution
		Debug|Any CPU = Debug|Any CPU
		Release|Any CPU = Release|Any CPU
	EndGlobalSection
	GlobalSection(ProjectConfigurationPlatforms) = postSolution
		{48CD8855-EB72-4187-92E2-742FBFF501CE}.Debug|Any CPU.ActiveCfg = Debug|Any CPU
		{48CD8855-EB72-4187-92E2-742FBFF501CE}.Debug|Any CPU.Build.0 = Debug|Any CPU
		{48CD8855-EB72-4187-92E2-742FBFF501CE}.Release|Any CPU.ActiveCfg = Release|Any CPU
		{48CD8855-EB72-4187-92E2-742FBFF501CE}.Release|Any CPU.Build.0 = Release|Any CPU
	EndGlobalSection
	GlobalSection(SolutionProperties) = preSolution
		HideSolutionNode = FALSE
	EndGlobalSection
	GlobalSection(ExtensibilityGlobals) = postSolution
		SolutionGuid = {B602F634-630F-44BD-8FED-2C632FE64A28}
	EndGlobalSection
EndGlobal
